
Microsoft Visual Studio Solution File, Format Version 12.00
# Visual Studio Version 16
VisualStudioVersion = 16.0.31729.503
MinimumVisualStudioVersion = 10.0.40219.1
Project("{9A19103F-16F7-4668-BE54-9A1E7A4F7556}") = "MierzepAPIv2", "MierzepAPIv2\MierzepAPIv2.csproj", "{02BCFD67-CAA9-479E-AD3F-C6680F77724E}"
EndProject
Project("{2150E333-8FDC-42A3-9474-1A3956D46DE8}") = "Presentation", "Presentation", "{E746AEBA-184A-4AF1-858A-D0F6260D6BA3}"
EndProject
Project("{2150E333-8FDC-42A3-9474-1A3956D46DE8}") = "Core", "Core", "{7E7A5008-742A-4CFA-98ED-9C52BB3FDEC6}"
EndProject
Project("{2150E333-8FDC-42A3-9474-1A3956D46DE8}") = "Infastructure", "Infastructure", "{6FE41852-9950-4B41-82C4-03C43A74BBE7}"
EndProject
Project("{9A19103F-16F7-4668-BE54-9A1E7A4F7556}") = "MierzepAPIv2.Infrastructure", "MierzepAPIv2.Infrastructure\MierzepAPIv2.Infrastructure.csproj", "{E332FE72-B0B9-4091-B10D-583FCD8E5B63}"
EndProject
Project("{9A19103F-16F7-4668-BE54-9A1E7A4F7556}") = "MierzepAPIv2.Persistance", "MierzepAPIv2.Persistance\MierzepAPIv2.Persistance.csproj", "{459058D1-CBE2-46F9-B179-0FBA40C6A8C0}"
EndProject
Project("{9A19103F-16F7-4668-BE54-9A1E7A4F7556}") = "MierzepAPIv2.Application", "MierzepAPIv2.Application\MierzepAPIv2.Application.csproj", "{87E19305-8AA9-4D28-AE51-97A57B69488A}"
EndProject
Project("{9A19103F-16F7-4668-BE54-9A1E7A4F7556}") = "MierzepAPIv2.Common", "MierzepAPIv2.Common\MierzepAPIv2.Common.csproj", "{4910987E-25B7-44F6-9192-FAB43BA02E19}"
EndProject
Project("{9A19103F-16F7-4668-BE54-9A1E7A4F7556}") = "MierzepAPIv2.Domain", "MierzepAPIv2.Domain\MierzepAPIv2.Domain.csproj", "{86D37B99-58E3-4BDF-AF8A-27DD271F39D2}"
EndProject
Project("{9A19103F-16F7-4668-BE54-9A1E7A4F7556}") = "MierzepAPIv2.ExternalAPI", "MierzepAPIv2.ExternalAPI\MierzepAPIv2.ExternalAPI.csproj", "{A2E8A61D-EAAC-40A8-BB38-38835670E21D}"
EndProject
Project("{2150E333-8FDC-42A3-9474-1A3956D46DE8}") = "Tests", "Tests", "{5368FC8F-E7AB-481D-967C-EFEDB0A901E5}"
EndProject
Project("{9A19103F-16F7-4668-BE54-9A1E7A4F7556}") = "MierzepAPIv2.UnitTest", "MierzepAPIv2.UnitTest\MierzepAPIv2.UnitTest.csproj", "{49DB421C-2ACA-4599-9D4F-1DB5A6F9A852}"
EndProject
Project("{2150E333-8FDC-42A3-9474-1A3956D46DE8}") = "MierzepUI", "MierzepUI", "{068A7283-9AA0-4FAA-9788-2A378375BBEA}"
EndProject
Project("{9A19103F-16F7-4668-BE54-9A1E7A4F7556}") = "MierzepUI.Server", "MierzepUI\Server\MierzepUI.Server.csproj", "{652535C0-26DC-4CEC-A1D2-C699DED64372}"
EndProject
Project("{9A19103F-16F7-4668-BE54-9A1E7A4F7556}") = "MierzepUI.Client", "MierzepUI\Client\MierzepUI.Client.csproj", "{E89769A4-CCE4-45CF-B293-598B73D3C642}"
EndProject
Global
	GlobalSection(SolutionConfigurationPlatforms) = preSolution
		Debug|Any CPU = Debug|Any CPU
		Release|Any CPU = Release|Any CPU
	EndGlobalSection
	GlobalSection(ProjectConfigurationPlatforms) = postSolution
		{02BCFD67-CAA9-479E-AD3F-C6680F77724E}.Debug|Any CPU.ActiveCfg = Debug|Any CPU
		{02BCFD67-CAA9-479E-AD3F-C6680F77724E}.Debug|Any CPU.Build.0 = Debug|Any CPU
		{02BCFD67-CAA9-479E-AD3F-C6680F77724E}.Release|Any CPU.ActiveCfg = Release|Any CPU
		{02BCFD67-CAA9-479E-AD3F-C6680F77724E}.Release|Any CPU.Build.0 = Release|Any CPU
		{E332FE72-B0B9-4091-B10D-583FCD8E5B63}.Debug|Any CPU.ActiveCfg = Debug|Any CPU
		{E332FE72-B0B9-4091-B10D-583FCD8E5B63}.Debug|Any CPU.Build.0 = Debug|Any CPU
		{E332FE72-B0B9-4091-B10D-583FCD8E5B63}.Release|Any CPU.ActiveCfg = Release|Any CPU
		{E332FE72-B0B9-4091-B10D-583FCD8E5B63}.Release|Any CPU.Build.0 = Release|Any CPU
		{459058D1-CBE2-46F9-B179-0FBA40C6A8C0}.Debug|Any CPU.ActiveCfg = Debug|Any CPU
		{459058D1-CBE2-46F9-B179-0FBA40C6A8C0}.Debug|Any CPU.Build.0 = Debug|Any CPU
		{459058D1-CBE2-46F9-B179-0FBA40C6A8C0}.Release|Any CPU.ActiveCfg = Release|Any CPU
		{459058D1-CBE2-46F9-B179-0FBA40C6A8C0}.Release|Any CPU.Build.0 = Release|Any CPU
		{87E19305-8AA9-4D28-AE51-97A57B69488A}.Debug|Any CPU.ActiveCfg = Debug|Any CPU
		{87E19305-8AA9-4D28-AE51-97A57B69488A}.Debug|Any CPU.Build.0 = Debug|Any CPU
		{87E19305-8AA9-4D28-AE51-97A57B69488A}.Release|Any CPU.ActiveCfg = Release|Any CPU
		{87E19305-8AA9-4D28-AE51-97A57B69488A}.Release|Any CPU.Build.0 = Release|Any CPU
		{4910987E-25B7-44F6-9192-FAB43BA02E19}.Debug|Any CPU.ActiveCfg = Debug|Any CPU
		{4910987E-25B7-44F6-9192-FAB43BA02E19}.Debug|Any CPU.Build.0 = Debug|Any CPU
		{4910987E-25B7-44F6-9192-FAB43BA02E19}.Release|Any CPU.ActiveCfg = Release|Any CPU
		{4910987E-25B7-44F6-9192-FAB43BA02E19}.Release|Any CPU.Build.0 = Release|Any CPU
		{86D37B99-58E3-4BDF-AF8A-27DD271F39D2}.Debug|Any CPU.ActiveCfg = Debug|Any CPU
		{86D37B99-58E3-4BDF-AF8A-27DD271F39D2}.Debug|Any CPU.Build.0 = Debug|Any CPU
		{86D37B99-58E3-4BDF-AF8A-27DD271F39D2}.Release|Any CPU.ActiveCfg = Release|Any CPU
		{86D37B99-58E3-4BDF-AF8A-27DD271F39D2}.Release|Any CPU.Build.0 = Release|Any CPU
		{A2E8A61D-EAAC-40A8-BB38-38835670E21D}.Debug|Any CPU.ActiveCfg = Debug|Any CPU
		{A2E8A61D-EAAC-40A8-BB38-38835670E21D}.Debug|Any CPU.Build.0 = Debug|Any CPU
		{A2E8A61D-EAAC-40A8-BB38-38835670E21D}.Release|Any CPU.ActiveCfg = Release|Any CPU
		{A2E8A61D-EAAC-40A8-BB38-38835670E21D}.Release|Any CPU.Build.0 = Release|Any CPU
		{49DB421C-2ACA-4599-9D4F-1DB5A6F9A852}.Debug|Any CPU.ActiveCfg = Debug|Any CPU
		{49DB421C-2ACA-4599-9D4F-1DB5A6F9A852}.Debug|Any CPU.Build.0 = Debug|Any CPU
		{49DB421C-2ACA-4599-9D4F-1DB5A6F9A852}.Release|Any CPU.ActiveCfg = Release|Any CPU
		{49DB421C-2ACA-4599-9D4F-1DB5A6F9A852}.Release|Any CPU.Build.0 = Release|Any CPU
		{652535C0-26DC-4CEC-A1D2-C699DED64372}.Debug|Any CPU.ActiveCfg = Debug|Any CPU
		{652535C0-26DC-4CEC-A1D2-C699DED64372}.Debug|Any CPU.Build.0 = Debug|Any CPU
		{652535C0-26DC-4CEC-A1D2-C699DED64372}.Release|Any CPU.ActiveCfg = Release|Any CPU
		{652535C0-26DC-4CEC-A1D2-C699DED64372}.Release|Any CPU.Build.0 = Release|Any CPU
		{E89769A4-CCE4-45CF-B293-598B73D3C642}.Debug|Any CPU.ActiveCfg = Debug|Any CPU
		{E89769A4-CCE4-45CF-B293-598B73D3C642}.Debug|Any CPU.Build.0 = Debug|Any CPU
		{E89769A4-CCE4-45CF-B293-598B73D3C642}.Release|Any CPU.ActiveCfg = Release|Any CPU
		{E89769A4-CCE4-45CF-B293-598B73D3C642}.Release|Any CPU.Build.0 = Release|Any CPU
	EndGlobalSection
	GlobalSection(SolutionProperties) = preSolution
		HideSolutionNode = FALSE
	EndGlobalSection
	GlobalSection(NestedProjects) = preSolution
		{02BCFD67-CAA9-479E-AD3F-C6680F77724E} = {E746AEBA-184A-4AF1-858A-D0F6260D6BA3}
		{E332FE72-B0B9-4091-B10D-583FCD8E5B63} = {6FE41852-9950-4B41-82C4-03C43A74BBE7}
		{459058D1-CBE2-46F9-B179-0FBA40C6A8C0} = {6FE41852-9950-4B41-82C4-03C43A74BBE7}
		{87E19305-8AA9-4D28-AE51-97A57B69488A} = {7E7A5008-742A-4CFA-98ED-9C52BB3FDEC6}
		{4910987E-25B7-44F6-9192-FAB43BA02E19} = {7E7A5008-742A-4CFA-98ED-9C52BB3FDEC6}
		{86D37B99-58E3-4BDF-AF8A-27DD271F39D2} = {7E7A5008-742A-4CFA-98ED-9C52BB3FDEC6}
		{A2E8A61D-EAAC-40A8-BB38-38835670E21D} = {6FE41852-9950-4B41-82C4-03C43A74BBE7}
		{49DB421C-2ACA-4599-9D4F-1DB5A6F9A852} = {5368FC8F-E7AB-481D-967C-EFEDB0A901E5}
		{068A7283-9AA0-4FAA-9788-2A378375BBEA} = {E746AEBA-184A-4AF1-858A-D0F6260D6BA3}
		{652535C0-26DC-4CEC-A1D2-C699DED64372} = {068A7283-9AA0-4FAA-9788-2A378375BBEA}
		{E89769A4-CCE4-45CF-B293-598B73D3C642} = {068A7283-9AA0-4FAA-9788-2A378375BBEA}
	EndGlobalSection
	GlobalSection(ExtensibilityGlobals) = postSolution
		SolutionGuid = {18F0D8E4-6C10-42AF-91C1-6AE4A2677230}
	EndGlobalSection
EndGlobal
